
Microsoft Visual Studio Solution File, Format Version 12.00
# Visual Studio Version 16
VisualStudioVersion = 16.0.32901.82
MinimumVisualStudioVersion = 10.0.40219.1
Project("{FAE04EC0-301F-11D3-BF4B-00C04F79EFBC}") = "PROYECTOCRUDPOOLINQ", "PROYECTOCRUDPOOLINQ.csproj", "{DD4A7492-D3AD-42A9-9CD9-8277C3B8E47B}"
EndProject
Global
	GlobalSection(SolutionConfigurationPlatforms) = preSolution
		Debug|Any CPU = Debug|Any CPU
		Release|Any CPU = Release|Any CPU
	EndGlobalSection
	GlobalSection(ProjectConfigurationPlatforms) = postSolution
		{DD4A7492-D3AD-42A9-9CD9-8277C3B8E47B}.Debug|Any CPU.ActiveCfg = Debug|Any CPU
		{DD4A7492-D3AD-42A9-9CD9-8277C3B8E47B}.Debug|Any CPU.Build.0 = Debug|Any CPU
		{DD4A7492-D3AD-42A9-9CD9-8277C3B8E47B}.Release|Any CPU.ActiveCfg = Release|Any CPU
		{DD4A7492-D3AD-42A9-9CD9-8277C3B8E47B}.Release|Any CPU.Build.0 = Release|Any CPU
	EndGlobalSection
	GlobalSection(SolutionProperties) = preSolution
		HideSolutionNode = FALSE
	EndGlobalSection
	GlobalSection(ExtensibilityGlobals) = postSolution
		SolutionGuid = {85F1A726-D800-4B22-87CA-0F84D39B9E89}
	EndGlobalSection
EndGlobal
